
Microsoft Visual Studio Solution File, Format Version 12.00
# Visual Studio Version 18
VisualStudioVersion = 18.1.11312.151
MinimumVisualStudioVersion = 10.0.40219.1
Project("{FAE04EC0-301F-11D3-BF4B-00C04F79EFBC}") = "RimTransAI", "RimTransAI\RimTransAI.csproj", "{71525014-8006-4EEF-A376-7C9ED7F563A8}"
EndProject
Project("{2150E333-8FDC-42A3-9474-1A3956D46DE8}") = "tests", "tests", "{0AB3BF05-4346-4AA6-1389-037BE0695223}"
EndProject
Project("{FAE04EC0-301F-11D3-BF4B-00C04F79EFBC}") = "RimTransAI.Tests", "tests\RimTransAI.Tests\RimTransAI.Tests.csproj", "{46FFC177-27F4-4468-8039-41DFD537E227}"
EndProject
Global
	GlobalSection(SolutionConfigurationPlatforms) = preSolution
		Debug|Any CPU = Debug|Any CPU
		Debug|x64 = Debug|x64
		Debug|x86 = Debug|x86
		Release|Any CPU = Release|Any CPU
		Release|x64 = Release|x64
		Release|x86 = Release|x86
	EndGlobalSection
	GlobalSection(ProjectConfigurationPlatforms) = postSolution
		{71525014-8006-4EEF-A376-7C9ED7F563A8}.Debug|Any CPU.ActiveCfg = Debug|Any CPU
		{71525014-8006-4EEF-A376-7C9ED7F563A8}.Debug|Any CPU.Build.0 = Debug|Any CPU
		{71525014-8006-4EEF-A376-7C9ED7F563A8}.Debug|x64.ActiveCfg = Debug|x64
		{71525014-8006-4EEF-A376-7C9ED7F563A8}.Debug|x64.Build.0 = Debug|x64
		{71525014-8006-4EEF-A376-7C9ED7F563A8}.Debug|x86.ActiveCfg = Debug|Any CPU
		{71525014-8006-4EEF-A376-7C9ED7F563A8}.Debug|x86.Build.0 = Debug|Any CPU
		{71525014-8006-4EEF-A376-7C9ED7F563A8}.Release|Any CPU.ActiveCfg = Release|Any CPU
		{71525014-8006-4EEF-A376-7C9ED7F563A8}.Release|Any CPU.Build.0 = Release|Any CPU
		{71525014-8006-4EEF-A376-7C9ED7F563A8}.Release|x64.ActiveCfg = Release|x64
		{71525014-8006-4EEF-A376-7C9ED7F563A8}.Release|x64.Build.0 = Release|x64
		{71525014-8006-4EEF-A376-7C9ED7F563A8}.Release|x86.ActiveCfg = Release|Any CPU
		{71525014-8006-4EEF-A376-7C9ED7F563A8}.Release|x86.Build.0 = Release|Any CPU
		{46FFC177-27F4-4468-8039-41DFD537E227}.Debug|Any CPU.ActiveCfg = Debug|Any CPU
		{46FFC177-27F4-4468-8039-41DFD537E227}.Debug|Any CPU.Build.0 = Debug|Any CPU
		{46FFC177-27F4-4468-8039-41DFD537E227}.Debug|x64.ActiveCfg = Debug|Any CPU
		{46FFC177-27F4-4468-8039-41DFD537E227}.Debug|x64.Build.0 = Debug|Any CPU
		{46FFC177-27F4-4468-8039-41DFD537E227}.Debug|x86.ActiveCfg = Debug|Any CPU
		{46FFC177-27F4-4468-8039-41DFD537E227}.Debug|x86.Build.0 = Debug|Any CPU
		{46FFC177-27F4-4468-8039-41DFD537E227}.Release|Any CPU.ActiveCfg = Release|Any CPU
		{46FFC177-27F4-4468-8039-41DFD537E227}.Release|Any CPU.Build.0 = Release|Any CPU
		{46FFC177-27F4-4468-8039-41DFD537E227}.Release|x64.ActiveCfg = Release|Any CPU
		{46FFC177-27F4-4468-8039-41DFD537E227}.Release|x64.Build.0 = Release|Any CPU
		{46FFC177-27F4-4468-8039-41DFD537E227}.Release|x86.ActiveCfg = Release|Any CPU
		{46FFC177-27F4-4468-8039-41DFD537E227}.Release|x86.Build.0 = Release|Any CPU
	EndGlobalSection
	GlobalSection(SolutionProperties) = preSolution
		HideSolutionNode = FALSE
	EndGlobalSection
	GlobalSection(NestedProjects) = preSolution
		{46FFC177-27F4-4468-8039-41DFD537E227} = {0AB3BF05-4346-4AA6-1389-037BE0695223}
	EndGlobalSection
EndGlobal
