{
  "version": 1,
  "dependencies": {
    "net9.0": {
      "Avalonia": {
        "type": "Direct",
        "requested": "[12.0.0, )",
        "resolved": "12.0.0",
        "contentHash": "/dTINvK2kc8wiV1k6owfJS9gVLwt5vzv3gZEJbl/k7exfIIp+XqSwQQuZq9IFsV8A1Kn+p9btnPDtG4xtPUCaA==",
        "dependencies": {
          "Avalonia.BuildServices": "11.3.2",
          "Avalonia.Remote.Protocol": "12.0.0",
          "MicroCom.Runtime": "0.11.4"
        }
      },
      "Avalonia.Desktop": {
        "type": "Direct",
        "requested": "[12.0.0, )",
        "resolved": "12.0.0",
        "contentHash": "vBV72rXx7BxGyxake4u7PbUefrzaOGshcNaqYoBwGLJG94aqExLTpF8mkMKkuZaGu2wLwBSl9ypXANd0PPV2uw==",
        "dependencies": {
          "Avalonia": "12.0.0",
          "Avalonia.HarfBuzz": "12.0.0",
          "Avalonia.Native": "12.0.0",
          "Avalonia.Skia": "12.0.0",
          "Avalonia.Win32": "12.0.0",
          "Avalonia.X11": "12.0.0"
        }
      },
      "Avalonia.Fonts.Inter": {
        "type": "Direct",
        "requested": "[12.0.0, )",
        "resolved": "12.0.0",
        "contentHash": "UFIHXwHE7Cb8ogSICRU1/CwZZJu0wNN88TITag6evLqaF4aULFn9mXmSlP6TbA86Xt6FoksYJpgXHvxRXZQhOw==",
        "dependencies": {
          "Avalonia": "12.0.0"
        }
      },
      "Avalonia.Themes.Fluent": {
        "type": "Direct",
        "requested": "[12.0.0, )",
        "resolved": "12.0.0",
        "contentHash": "mwliOPzvG6Skr/RLWoArpBGothoaD2oVKzU8V1FrxAiHfsy14g/skvXsQkO724+VXCOJyq0AtKfxk0IMkcqMQg==",
        "dependencies": {
          "Avalonia": "12.0.0"
        }
      },
      "CommunityToolkit.Mvvm": {
        "type": "Direct",
        "requested": "[8.3.2, )",
        "resolved": "8.3.2",
        "contentHash": "m8EolE1A0Updj68WTsZSGI6VWb6mUqHPh7QFo0kt7+JPhYMNXRS1ch8TS/oITAdcxTLrwMOp3ku1KjeG1/Zdpg=="
      },
      "Material.Icons.Avalonia": {
        "type": "Direct",
        "requested": "[3.0.0-avalonia12, )",
        "resolved": "3.0.0-avalonia12",
        "contentHash": "Vr7QTnjWcCR1OB+MdxAJEj1q2CCJ/B8RJQ3uw9fJdZMjgV3dL8dSYtbWM/fOKfFrgXgTKH+F238tLr9W2a8TMA==",
        "dependencies": {
          "Avalonia": "12.0.0-preview1",
          "Material.Icons": "3.0.0-avalonia12"
        }
      },
      "Microsoft.Extensions.DependencyInjection": {
        "type": "Direct",
        "requested": "[9.0.0, )",
        "resolved": "9.0.0",
        "contentHash": "MCPrg7v3QgNMr0vX4vzRXvkNGgLg8vKWX0nKCWUxu2uPyMsaRgiRc1tHBnbTcfJMhMKj2slE/j2M9oGkd25DNw==",
        "dependencies": {
          "Microsoft.Extensions.DependencyInjection.Abstractions": "9.0.0"
        }
      },
      "Microsoft.NET.ILLink.Tasks": {
        "type": "Direct",
        "requested": "[9.0.17, )",
        "resolved": "9.0.17",
        "contentHash": "P5qY/hIYMlo0+QRM0W3Gd/SRf20TX+z5W5NwpdzkOk0FtgcbSTNwNcYBRNDgfThFcLpcDFslz65RcGqWOq00/w=="
      },
      "Mono.Cecil": {
        "type": "Direct",
        "requested": "[0.11.6, )",
        "resolved": "0.11.6",
        "contentHash": "f33RkDtZO8VlGXCtmQIviOtxgnUdym9xx/b1p9h91CRGOsJFxCFOFK1FDbVt1OCf1aWwYejUFa2MOQyFWTFjbA=="
      },
      "OpenAI": {
        "type": "Direct",
        "requested": "[2.6.0, )",
        "resolved": "2.6.0",
        "contentHash": "5hUnDrcAREi+UMnwzGEKKG6KHC+FUPcATPL0U3mz84F9wEa1E4EfCuZtv0poccvtRqYrUoie9l29I4GW6q5J0g==",
        "dependencies": {
          "System.ClientModel": "1.7.0",
          "System.Net.ServerSentEvents": "9.0.9"
        }
      },
      "Semi.Avalonia": {
        "type": "Direct",
        "requested": "[12.0.0, )",
        "resolved": "12.0.0",
        "contentHash": "qwNGLLI3IzQKIYyse+QcpkEhcZq07YGeuyxxNCWZ/KsdZrU8u3gtCiFccgW+lUARgNqc0ODSUJWMjWErawNaFA==",
        "dependencies": {
          "Avalonia": "12.0.0",
          "Irihi.Avalonia.Shared": "0.4.0"
        }
      },
      "Semi.Avalonia.DataGrid": {
        "type": "Direct",
        "requested": "[12.0.0, )",
        "resolved": "12.0.0",
        "contentHash": "SPttEeN4CoN3SRCsf86PMCf2Nq6d3sRtDy24CRA0zeiyeoWDVjvOc8FPfscjzljDF9mafxxPECzF5cw2Z+igSw==",
        "dependencies": {
          "Avalonia.Controls.DataGrid": "12.0.0"
        }
      },
      "Avalonia.Angle.Windows.Natives": {
        "type": "Transitive",
        "resolved": "2.1.25547.20250602",
        "contentHash": "ZL0VLc4s9rvNNFt19Pxm5UNAkmKNylugAwJPX9ulXZ6JWs/l6XZihPWWTyezaoNOVyEPU8YbURtW7XMAtqXH5A=="
      },
      "Avalonia.BuildServices": {
        "type": "Transitive",
        "resolved": "11.3.2",
        "contentHash": "qHDToxto1e3hci5YqbG9n0Ty8mlp3zBUN5wT66wKqaDVzXyQ0do3EnRILd4Ke9jpvsktaPpgE0YjEk7hornryQ=="
      },
      "Avalonia.Controls.DataGrid": {
        "type": "Transitive",
        "resolved": "12.0.0",
        "contentHash": "pQ9NiviIoxbZ7fiD/KTdoEHRgdKibKtx8Low3nTrU6ZbvULtesuB65aLL/umjibsGMhzPOveqs/om98QAA5FMg==",
        "dependencies": {
          "Avalonia": "12.0.0"
        }
      },
      "Avalonia.FreeDesktop": {
        "type": "Transitive",
        "resolved": "12.0.0",
        "contentHash": "CQcJ/zuWj652Ca73tsdF40wh9+sVZvjhrukBNtuh/pqKf0CkLOik2lJ5xVHuL6vhCoHsTR4boJF+NpCoOXkbow==",
        "dependencies": {
          "Avalonia": "12.0.0",
          "Tmds.DBus.Protocol": "0.90.3"
        }
      },
      "Avalonia.FreeDesktop.AtSpi": {
        "type": "Transitive",
        "resolved": "12.0.0",
        "contentHash": "Zmbaf6bVfj6Fbm6t6UYl/lg3fD57SqWd4o8YzkqQ2TmHu9j+IDr3Thdc5pW67CWIHkVTBAEh4ymKLHG7+NMPzg==",
        "dependencies": {
          "Avalonia": "12.0.0"
        }
      },
      "Avalonia.HarfBuzz": {
        "type": "Transitive",
        "resolved": "12.0.0",
        "contentHash": "2MxRVWRoWm6VYKAjwvUtL2x6CAvwth9jwfofO5SDdsBowDESEqwFLUP6fdZx6aPEvAwehv6u4l4tqnCfQkk4Vw==",
        "dependencies": {
          "Avalonia": "12.0.0",
          "HarfBuzzSharp": "8.3.1.3",
          "HarfBuzzSharp.NativeAssets.Linux": "8.3.1.3",
          "HarfBuzzSharp.NativeAssets.WebAssembly": "8.3.1.3"
        }
      },
      "Avalonia.Native": {
        "type": "Transitive",
        "resolved": "12.0.0",
        "contentHash": "djc+Srt4od3hiupEAjZV9ZY85kfQN/iVXL15aCfRG3WtONlShGhyNDsD0KG0+A5SfD8lFslbBIhdAsgqiS4Ziw==",
        "dependencies": {
          "Avalonia": "12.0.0"
        }
      },
      "Avalonia.Remote.Protocol": {
        "type": "Transitive",
        "resolved": "12.0.0",
        "contentHash": "4uafS+y4s/FPJiOms5ZMFSWUNsx0QdWnkcbdiimch73WnApccgbWb6p082tCAPvSw6SbqoQB5IHgHsHGI7gPSw=="
      },
      "Avalonia.Skia": {
        "type": "Transitive",
        "resolved": "12.0.0",
        "contentHash": "IZM3kE0m8glk3wS1ygASkox08/knVXy05qCbtpFbp3Ochk5/5+89jJoe94ECCmptiVS6XP2h9R13N7t3EuSFlA==",
        "dependencies": {
          "Avalonia": "12.0.0",
          "HarfBuzzSharp": "8.3.1.3",
          "HarfBuzzSharp.NativeAssets.Linux": "8.3.1.3",
          "HarfBuzzSharp.NativeAssets.WebAssembly": "8.3.1.3",
          "SkiaSharp": "3.119.3-preview.1.1",
          "SkiaSharp.NativeAssets.Linux": "3.119.3-preview.1.1",
          "SkiaSharp.NativeAssets.WebAssembly": "3.119.3-preview.1.1"
        }
      },
      "Avalonia.Win32": {
        "type": "Transitive",
        "resolved": "12.0.0",
        "contentHash": "4bVMW5IAlQRLXTA6xxsNpj+rNXZ5sMFCnRKBqMfW9b8L+cv/OluYao7l5LnmYrjDNm3Fdj/gBhaMjHszGx57Mw==",
        "dependencies": {
          "Avalonia": "12.0.0",
          "Avalonia.Angle.Windows.Natives": "2.1.25547.20250602"
        }
      },
      "Avalonia.X11": {
        "type": "Transitive",
        "resolved": "12.0.0",
        "contentHash": "R7E5pA9tRmauFhJoiAjl0RWBL0y2f9shrIqIuduN97Jw1b0AwLxh2/1PGYoY0LSY0Vm57ejQaq5csYKUn2RsMw==",
        "dependencies": {
          "Avalonia": "12.0.0",
          "Avalonia.FreeDesktop": "12.0.0",
          "Avalonia.FreeDesktop.AtSpi": "12.0.0",
          "Avalonia.Skia": "12.0.0"
        }
      },
      "HarfBuzzSharp": {
        "type": "Transitive",
        "resolved": "8.3.1.3",
        "contentHash": "NGZ2+ZVNPM+NdHB/asW0/ykWngyHWwcqjrbN2nDeH1B/aptPGlCUl8wkQ2cSJxw5fdWgdmIPmNuTPWpLwNVXWg==",
        "dependencies": {
          "HarfBuzzSharp.NativeAssets.Win32": "8.3.1.3",
          "HarfBuzzSharp.NativeAssets.macOS": "8.3.1.3"
        }
      },
      "HarfBuzzSharp.NativeAssets.Linux": {
        "type": "Transitive",
        "resolved": "8.3.1.3",
        "contentHash": "RI6A1LgmooU30+4QIyFt5rmBCzP0VzTR+587IJSGvYIsHHWlahFufihYxtraLfsIhW7I8dn6+xX+DZGygOPKWQ=="
      },
      "HarfBuzzSharp.NativeAssets.macOS": {
        "type": "Transitive",
        "resolved": "8.3.1.3",
        "contentHash": "KPTq0xnslkI6nAo0jh3ptcQPJvZZr7MWYXa2jUe4SnHc9q+JlHElmNXp0sfFoiTgoCX7WOYpYsurypuH9Gehxw=="
      },
      "HarfBuzzSharp.NativeAssets.WebAssembly": {
        "type": "Transitive",
        "resolved": "8.3.1.3",
        "contentHash": "w2QfdNm9Uz/sUa0B5D+OnVQhyq3G/fBq6ibQMdWBlQqqwh0g0/5j3RFvYqZAmRZ5+RzvjVe8o8SFFnWYUSkuxA=="
      },
      "HarfBuzzSharp.NativeAssets.Win32": {
        "type": "Transitive",
        "resolved": "8.3.1.3",
        "contentHash": "bx8CE8Js+XGX8PUxAHCBDEORt5aaBYtMN4Hr9QFs57Xithh6yjUyYqksizH6eRDhJkwsGI+SXWmPmMm8lZC9Pw=="
      },
      "Irihi.Avalonia.Shared": {
        "type": "Transitive",
        "resolved": "0.4.0",
        "contentHash": "T6+jezCUjisJNz6zkNcNLVNI2ttWznbyQnW6MS9L45EXhePqRCIxB3xV/5L8gFAJ83JrhiCIokMOxRWdq9/1Zg==",
        "dependencies": {
          "Avalonia": "12.0.0"
        }
      },
      "Material.Icons": {
        "type": "Transitive",
        "resolved": "3.0.0-avalonia12",
        "contentHash": "qgLYlgev1dWVb+l0/hJs5oXYjVLUBdNvf8wqLp/qD8KI77NZx++4bub7j3I/ChDHy2onLoQJqZaGFU2+qyijXA=="
      },
      "MicroCom.Runtime": {
        "type": "Transitive",
        "resolved": "0.11.4",
        "contentHash": "yZ8+Lgwo+KtRI29TB2mIOEMzV+csMJ+pKZg4YHReAP3vRewWLKKeYfrBDo5FS69rWnEbCfU3sbM+ZEQr+GDLtg=="
      },
      "Microsoft.Extensions.DependencyInjection.Abstractions": {
        "type": "Transitive",
        "resolved": "9.0.0",
        "contentHash": "+6f2qv2a3dLwd5w6JanPIPs47CxRbnk+ZocMJUhv9NxP88VlOcJYZs9jY+MYSjxvady08bUZn6qgiNh7DadGgg=="
      },
      "Microsoft.Extensions.Logging.Abstractions": {
        "type": "Transitive",
        "resolved": "8.0.3",
        "contentHash": "dL0QGToTxggRLMYY4ZYX5AMwBb+byQBd/5dMiZE07Nv73o6I5Are3C7eQTh7K2+A4ct0PVISSr7TZANbiNb2yQ==",
        "dependencies": {
          "Microsoft.Extensions.DependencyInjection.Abstractions": "8.0.2"
        }
      },
      "SkiaSharp": {
        "type": "Transitive",
        "resolved": "3.119.3-preview.1.1",
        "contentHash": "+3ndwD845G4jfuyhtg5rrjryh2mEOr2QfAPFtncvAsRLzGX0ferSJ0223av6Sbw9zsEL6Wk0sk/DrXtEpJoo5A==",
        "dependencies": {
          "SkiaSharp.NativeAssets.Win32": "3.119.3-preview.1.1",
          "SkiaSharp.NativeAssets.macOS": "3.119.3-preview.1.1"
        }
      },
      "SkiaSharp.NativeAssets.Linux": {
        "type": "Transitive",
        "resolved": "3.119.3-preview.1.1",
        "contentHash": "ZvpglyfQzhVIUmnPGngliPYcg6ROJNs0BV7XwJ+kktdqY0qe8jifP+UUgaMqTlOTjvuvyCbV7AI4qIBUfRe3Vw=="
      },
      "SkiaSharp.NativeAssets.macOS": {
        "type": "Transitive",
        "resolved": "3.119.3-preview.1.1",
        "contentHash": "rv8B3OxG5PGQVxudIPV+ppjqUkt98VRzczNV3qNtearHebWXIcelpHEWzCtMSAYBm1rIsTs+KKAQv8/1exr0kQ=="
      },
      "SkiaSharp.NativeAssets.WebAssembly": {
        "type": "Transitive",
        "resolved": "3.119.3-preview.1.1",
        "contentHash": "Gzvr/fcJZODWNoLVBAIiM8NKudvZ9yL6WHb87fk7iadio9BWQR7GS0fUvWvE3kYaRAAutsjPdGAnkDR0ujlVDw=="
      },
      "SkiaSharp.NativeAssets.Win32": {
        "type": "Transitive",
        "resolved": "3.119.3-preview.1.1",
        "contentHash": "PkMb1pGPBSW3ZL0IVKP9DZs+w065HVs4jGQELsbkmKzKSL5P8KHLkrrmnv2XpFpXtx2njOllB8243N1dBMK+CQ=="
      },
      "System.ClientModel": {
        "type": "Transitive",
        "resolved": "1.7.0",
        "contentHash": "NKKA3/O6B7PxmtIzOifExHdfoWthy3AD4EZ1JfzcZU8yGZTbYrK1qvXsHUL/1yQKKqWSKgIR1Ih/yf2gOaHc4w==",
        "dependencies": {
          "Microsoft.Extensions.Logging.Abstractions": "8.0.3",
          "System.Memory.Data": "8.0.1"
        }
      },
      "System.IO.Pipelines": {
        "type": "Transitive",
        "resolved": "8.0.0",
        "contentHash": "FHNOatmUq0sqJOkTx+UF/9YK1f180cnW5FVqnQMvYUN0elp6wFzbtPSiqbo1/ru8ICp43JM1i7kKkk6GsNGHlA=="
      },
      "System.Memory.Data": {
        "type": "Transitive",
        "resolved": "8.0.1",
        "contentHash": "BVYuec3jV23EMRDeR7Dr1/qhx7369dZzJ9IWy2xylvb4YfXsrUxspWc4UWYid/tj4zZK58uGZqn2WQiaDMhmAg=="
      },
      "System.Net.ServerSentEvents": {
        "type": "Transitive",
        "resolved": "9.0.9",
        "contentHash": "zEISfefh8BYD5m+GMsYJnodiTaz2fDBEOrLgYH7VsQhMIzNkcuSsg9Df/d3zywYX5ohCyCJ5AOax50XLKnXyjw=="
      },
      "Tmds.DBus.Protocol": {
        "type": "Transitive",
        "resolved": "0.90.3",
        "contentHash": "T5BqXZb3Lqg+5yKInnW+hPtv/lzW8S8tZbLKFCbzgFF6iy4w5O3MDNzppgQfudR1nqMSpSDjX7w9OmDljV4GyA==",
        "dependencies": {
          "System.IO.Pipelines": "8.0.0"
        }
      }
    }
  }
}